# This file was autogenerated by Stack.
# You should not edit this file by hand.
# For more information, please see the documentation at:
#   https://docs.haskellstack.org/en/stable/lock_files

packages: []
snapshots:
- completed:
    size: 457392
    url: https://raw.githubusercontent.com/commercialhaskell/stackage-snapshots/master/nightly/2020/1/17.yaml
    sha256: 8c2a25a0da9445dee2c63c5db2e079e44f16ff870bd9f56c554ac5ec60a0fd96
  original: nightly-2020-01-17
